// !$*UTF8*$!
{
	archiveVersion = 1;
	classes = {
	};
	objectVersion = 46;
	objects = {

/* Begin PBXBuildFile section */
		BA6B640E1F0A6AC9004F8A1B /* HTTPBinResponse.swift in Sources */ = {isa = PBXBuildFile; fileRef = BA6B640C1F0A6AC9004F8A1B /* HTTPBinResponse.swift */; };
		BA6B640F1F0A6AC9004F8A1B /* main.swift in Sources */ = {isa = PBXBuildFile; fileRef = BA6B640D1F0A6AC9004F8A1B /* main.swift */; };
		BA6B641E1F0A6AE9004F8A1B /* Request.framework in Frameworks */ = {isa = PBXBuildFile; fileRef = BA6B64191F0A6AE1004F8A1B /* Request.framework */; };
		BA6B641F1F0A6AE9004F8A1B /* Result.framework in Frameworks */ = {isa = PBXBuildFile; fileRef = BA6B64171F0A6AE1004F8A1B /* Result.framework */; };
/* End PBXBuildFile section */

/* Begin PBXContainerItemProxy section */
		BA6B64161F0A6AE1004F8A1B /* PBXContainerItemProxy */ = {
			isa = PBXContainerItemProxy;
			containerPortal = BA6B64101F0A6AE1004F8A1B /* Request.xcodeproj */;
			proxyType = 2;
			remoteGlobalIDString = OBJ_27;
			remoteInfo = Result;
		};
		BA6B64181F0A6AE1004F8A1B /* PBXContainerItemProxy */ = {
			isa = PBXContainerItemProxy;
			containerPortal = BA6B64101F0A6AE1004F8A1B /* Request.xcodeproj */;
			proxyType = 2;
			remoteGlobalIDString = OBJ_28;
			remoteInfo = Request;
		};
		BA6B641A1F0A6AE1004F8A1B /* PBXContainerItemProxy */ = {
			isa = PBXContainerItemProxy;
			containerPortal = BA6B64101F0A6AE1004F8A1B /* Request.xcodeproj */;
			proxyType = 2;
			remoteGlobalIDString = OBJ_29;
			remoteInfo = RequestTests;
		};
		BA6B641C1F0A6AE5004F8A1B /* PBXContainerItemProxy */ = {
			isa = PBXContainerItemProxy;
			containerPortal = BA6B64101F0A6AE1004F8A1B /* Request.xcodeproj */;
			proxyType = 1;
			remoteGlobalIDString = OBJ_38;
			remoteInfo = Request;
		};
/* End PBXContainerItemProxy section */

/* Begin PBXCopyFilesBuildPhase section */
		BA6B64001F0A6AAC004F8A1B /* CopyFiles */ = {
			isa = PBXCopyFilesBuildPhase;
			buildActionMask = 2147483647;
			dstPath = /usr/share/man/man1/;
			dstSubfolderSpec = 0;
			files = (
			);
			runOnlyForDeploymentPostprocessing = 1;
		};
/* End PBXCopyFilesBuildPhase section */

/* Begin PBXFileReference section */
		BA6B64021F0A6AAC004F8A1B /* SimpleResponseParsing */ = {isa = PBXFileReference; explicitFileType = "compiled.mach-o.executable"; includeInIndex = 0; path = SimpleResponseParsing; sourceTree = BUILT_PRODUCTS_DIR; };
		BA6B640C1F0A6AC9004F8A1B /* HTTPBinResponse.swift */ = {isa = PBXFileReference; fileEncoding = 4; lastKnownFileType = sourcecode.swift; path = HTTPBinResponse.swift; sourceTree = "<group>"; };
		BA6B640D1F0A6AC9004F8A1B /* main.swift */ = {isa = PBXFileReference; fileEncoding = 4; lastKnownFileType = sourcecode.swift; path = main.swift; sourceTree = "<group>"; };
		BA6B64101F0A6AE1004F8A1B /* Request.xcodeproj */ = {isa = PBXFileReference; lastKnownFileType = "wrapper.pb-project"; name = Request.xcodeproj; path = ../../Request.xcodeproj; sourceTree = "<group>"; };
/* End PBXFileReference section */

/* Begin PBXFrameworksBuildPhase section */
		BA6B63FF1F0A6AAC004F8A1B /* Frameworks */ = {
			isa = PBXFrameworksBuildPhase;
			buildActionMask = 2147483647;
			files = (
				BA6B641E1F0A6AE9004F8A1B /* Request.framework in Frameworks */,
				BA6B641F1F0A6AE9004F8A1B /* Result.framework in Frameworks */,
			);
			runOnlyForDeploymentPostprocessing = 0;
		};
/* End PBXFrameworksBuildPhase section */

/* Begin PBXGroup section */
		BA6B63F91F0A6AAC004F8A1B = {
			isa = PBXGroup;
			children = (
				BA6B640D1F0A6AC9004F8A1B /* main.swift */,
				BA6B640C1F0A6AC9004F8A1B /* HTTPBinResponse.swift */,
				BA6B64101F0A6AE1004F8A1B /* Request.xcodeproj */,
				BA6B64031F0A6AAC004F8A1B /* Products */,
			);
			sourceTree = "<group>";
		};
		BA6B64031F0A6AAC004F8A1B /* Products */ = {
			isa = PBXGroup;
			children = (
				BA6B64021F0A6AAC004F8A1B /* SimpleResponseParsing */,
			);
			name = Products;
			sourceTree = "<group>";
		};
		BA6B64111F0A6AE1004F8A1B /* Products */ = {
			isa = PBXGroup;
			children = (
				BA6B64171F0A6AE1004F8A1B /* Result.framework */,
				BA6B64191F0A6AE1004F8A1B /* Request.framework */,
				BA6B641B1F0A6AE1004F8A1B /* RequestTests.xctest */,
			);
			name = Products;
			sourceTree = "<group>";
		};
/* End PBXGroup section */

/* Begin PBXNativeTarget section */
		BA6B64011F0A6AAC004F8A1B /* SimpleResponseParsing */ = {
			isa = PBXNativeTarget;
			buildConfigurationList = BA6B64091F0A6AAC004F8A1B /* Build configuration list for PBXNativeTarget "SimpleResponseParsing" */;
			buildPhases = (
				BA6B63FE1F0A6AAC004F8A1B /* Sources */,
				BA6B63FF1F0A6AAC004F8A1B /* Frameworks */,
				BA6B64001F0A6AAC004F8A1B /* CopyFiles */,
			);
			buildRules = (
			);
			dependencies = (
				BA6B641D1F0A6AE5004F8A1B /* PBXTargetDependency */,
			);
			name = SimpleResponseParsing;
			productName = SimpleResponseParsing;
			productReference = BA6B64021F0A6AAC004F8A1B /* SimpleResponseParsing */;
			productType = "com.apple.product-type.tool";
		};
/* End PBXNativeTarget section */

/* Begin PBXProject section */
		BA6B63FA1F0A6AAC004F8A1B /* Project object */ = {
			isa = PBXProject;
			attributes = {
				LastSwiftUpdateCheck = 0830;
				LastUpgradeCheck = 0830;
				ORGANIZATIONNAME = "Gurlanka, Bhargav (Agoda)";
				TargetAttributes = {
					BA6B64011F0A6AAC004F8A1B = {
						CreatedOnToolsVersion = 8.3.2;
						LastSwiftMigration = 0830;
						ProvisioningStyle = Automatic;
					};
				};
			};
			buildConfigurationList = BA6B63FD1F0A6AAC004F8A1B /* Build configuration list for PBXProject "SimpleResponseParsing" */;
			compatibilityVersion = "Xcode 3.2";
			developmentRegion = English;
			hasScannedForEncodings = 0;
			knownRegions = (
				en,
			);
			mainGroup = BA6B63F91F0A6AAC004F8A1B;
			productRefGroup = BA6B64031F0A6AAC004F8A1B /* Products */;
			projectDirPath = "";
			projectReferences = (
				{
					ProductGroup = BA6B64111F0A6AE1004F8A1B /* Products */;
					ProjectRef = BA6B64101F0A6AE1004F8A1B /* Request.xcodeproj */;
				},
			);
			projectRoot = "";
			targets = (
				BA6B64011F0A6AAC004F8A1B /* SimpleResponseParsing */,
			);
		};
/* End PBXProject section */

/* Begin PBXReferenceProxy section */
		BA6B64171F0A6AE1004F8A1B /* Result.framework */ = {
			isa = PBXReferenceProxy;
			fileType = wrapper.framework;
			path = Result.framework;
			remoteRef = BA6B64161F0A6AE1004F8A1B /* PBXContainerItemProxy */;
			sourceTree = BUILT_PRODUCTS_DIR;
		};
		BA6B64191F0A6AE1004F8A1B /* Request.framework */ = {
			isa = PBXReferenceProxy;
			fileType = wrapper.framework;
			path = Request.framework;
			remoteRef = BA6B64181F0A6AE1004F8A1B /* PBXContainerItemProxy */;
			sourceTree = BUILT_PRODUCTS_DIR;
		};
		BA6B641B1F0A6AE1004F8A1B /* RequestTests.xctest */ = {
			isa = PBXReferenceProxy;
			fileType = file;
			path = RequestTests.xctest;
			remoteRef = BA6B641A1F0A6AE1004F8A1B /* PBXContainerItemProxy */;
			sourceTree = BUILT_PRODUCTS_DIR;
		};
/* End PBXReferenceProxy section */

/* Begin PBXSourcesBuildPhase section */
		BA6B63FE1F0A6AAC004F8A1B /* Sources */ = {
			isa = PBXSourcesBuildPhase;
			buildActionMask = 2147483647;
			files = (
				BA6B640F1F0A6AC9004F8A1B /* main.swift in Sources */,
				BA6B640E1F0A6AC9004F8A1B /* HTTPBinResponse.swift in Sources */,
			);
			runOnlyForDeploymentPostprocessing = 0;
		};
/* End PBXSourcesBuildPhase section */

/* Begin PBXTargetDependency section */
		BA6B641D1F0A6AE5004F8A1B /* PBXTargetDependency */ = {
			isa = PBXTargetDependency;
			name = Request;
			targetProxy = BA6B641C1F0A6AE5004F8A1B /* PBXContainerItemProxy */;
		};
/* End PBXTargetDependency section */

/* Begin XCBuildConfiguration section */
		BA6B64071F0A6AAC004F8A1B /* Debug */ = {
			isa = XCBuildConfiguration;
			buildSettings = {
				ALWAYS_SEARCH_USER_PATHS = NO;
				CLANG_ANALYZER_NONNULL = YES;
				CLANG_ANALYZER_NUMBER_OBJECT_CONVERSION = YES_AGGRESSIVE;
				CLANG_CXX_LANGUAGE_STANDARD = "gnu++0x";
				CLANG_CXX_LIBRARY = "libc++";
				CLANG_ENABLE_MODULES = YES;
				CLANG_ENABLE_OBJC_ARC = YES;
				CLANG_WARN_BOOL_CONVERSION = YES;
				CLANG_WARN_CONSTANT_CONVERSION = YES;
				CLANG_WARN_DIRECT_OBJC_ISA_USAGE = YES_ERROR;
				CLANG_WARN_DOCUMENTATION_COMMENTS = YES;
				CLANG_WARN_EMPTY_BODY = YES;
				CLANG_WARN_ENUM_CONVERSION = YES;
				CLANG_WARN_INFINITE_RECURSION = YES;
				CLANG_WARN_INT_CONVERSION = YES;
				CLANG_WARN_OBJC_ROOT_CLASS = YES_ERROR;
				CLANG_WARN_SUSPICIOUS_MOVE = YES;
				CLANG_WARN_UNREACHABLE_CODE = YES;
				CLANG_WARN__DUPLICATE_METHOD_MATCH = YES;
				CODE_SIGN_IDENTITY = "-";
				COPY_PHASE_STRIP = NO;
				DEBUG_INFORMATION_FORMAT = dwarf;
				ENABLE_STRICT_OBJC_MSGSEND = YES;
				ENABLE_TESTABILITY = YES;
				GCC_C_LANGUAGE_STANDARD = gnu99;
				GCC_DYNAMIC_NO_PIC = NO;
				GCC_NO_COMMON_BLOCKS = YES;
				GCC_OPTIMIZATION_LEVEL = 0;
				GCC_PREPROCESSOR_DEFINITIONS = (
					"DEBUG=1",
					"$(inherited)",
				);
				GCC_WARN_64_TO_32_BIT_CONVERSION = YES;
				GCC_WARN_ABOUT_RETURN_TYPE = YES_ERROR;
				GCC_WARN_UNDECLARED_SELECTOR = YES;
				GCC_WARN_UNINITIALIZED_AUTOS = YES_AGGRESSIVE;
				GCC_WARN_UNUSED_FUNCTION = YES;
				GCC_WARN_UNUSED_VARIABLE = YES;
				MACOSX_DEPLOYMENT_TARGET = 10.12;
				MTL_ENABLE_DEBUG_INFO = YES;
				ONLY_ACTIVE_ARCH = YES;
				SDKROOT = macosx;
				SWIFT_OPTIMIZATION_LEVEL = "-Onone";
			};
			name = Debug;
		};
		BA6B64081F0A6AAC004F8A1B /* Release */ = {
			isa = XCBuildConfiguration;
			buildSettings = {
				ALWAYS_SEARCH_USER_PATHS = NO;
				CLANG_ANALYZER_NONNULL = YES;
				CLANG_ANALYZER_NUMBER_OBJECT_CONVERSION = YES_AGGRESSIVE;
				CLANG_CXX_LANGUAGE_STANDARD = "gnu++0x";
				CLANG_CXX_LIBRARY = "libc++";
				CLANG_ENABLE_MODULES = YES;
				CLANG_ENABLE_OBJC_ARC = YES;
				CLANG_WARN_BOOL_CONVERSION = YES;
				CLANG_WARN_CONSTANT_CONVERSION = YES;
				CLANG_WARN_DIRECT_OBJC_ISA_USAGE = YES_ERROR;
				CLANG_WARN_DOCUMENTATION_COMMENTS = YES;
				CLANG_WARN_EMPTY_BODY = YES;
				CLANG_WARN_ENUM_CONVERSION = YES;
				CLANG_WARN_INFINITE_RECURSION = YES;
				CLANG_WARN_INT_CONVERSION = YES;
				CLANG_WARN_OBJC_ROOT_CLASS = YES_ERROR;
				CLANG_WARN_SUSPICIOUS_MOVE = YES;
				CLANG_WARN_UNREACHABLE_CODE = YES;
				CLANG_WARN__DUPLICATE_METHOD_MATCH = YES;
				CODE_SIGN_IDENTITY = "-";
				COPY_PHASE_STRIP = NO;
				DEBUG_INFORMATION_FORMAT = "dwarf-with-dsym";
				ENABLE_NS_ASSERTIONS = NO;
				ENABLE_STRICT_OBJC_MSGSEND = YES;
				GCC_C_LANGUAGE_STANDARD = gnu99;
				GCC_NO_COMMON_BLOCKS = YES;
				GCC_WARN_64_TO_32_BIT_CONVERSION = YES;
				GCC_WARN_ABOUT_RETURN_TYPE = YES_ERROR;
				GCC_WARN_UNDECLARED_SELECTOR = YES;
				GCC_WARN_UNINITIALIZED_AUTOS = YES_AGGRESSIVE;
				GCC_WARN_UNUSED_FUNCTION = YES;
				GCC_WARN_UNUSED_VARIABLE = YES;
				MACOSX_DEPLOYMENT_TARGET = 10.12;
				MTL_ENABLE_DEBUG_INFO = NO;
				SDKROOT = macosx;
			};
			name = Release;
		};
		BA6B640A1F0A6AAC004F8A1B /* Debug */ = {
			isa = XCBuildConfiguration;
			buildSettings = {
				CLANG_ENABLE_MODULES = YES;
				LD_RUNPATH_SEARCH_PATHS = "$(inherited) @executable_path/../Frameworks @loader_path/../Frameworks";
				PRODUCT_NAME = "$(TARGET_NAME)";
				SWIFT_OPTIMIZATION_LEVEL = "-Onone";
				SWIFT_VERSION = 3.0;
			};
			name = Debug;
		};
		BA6B640B1F0A6AAC004F8A1B /* Release */ = {
			isa = XCBuildConfiguration;
			buildSettings = {
				CLANG_ENABLE_MODULES = YES;
				LD_RUNPATH_SEARCH_PATHS = "$(inherited) @executable_path/../Frameworks @loader_path/../Frameworks";
				PRODUCT_NAME = "$(TARGET_NAME)";
				SWIFT_VERSION = 3.0;
			};
			name = Release;
		};
/* End XCBuildConfiguration section */

/* Begin XCConfigurationList section */
		BA6B63FD1F0A6AAC004F8A1B /* Build configuration list for PBXProject "SimpleResponseParsing" */ = {
			isa = XCConfigurationList;
			buildConfigurations = (
				BA6B64071F0A6AAC004F8A1B /* Debug */,
				BA6B64081F0A6AAC004F8A1B /* Release */,
			);
			defaultConfigurationIsVisible = 0;
			defaultConfigurationName = Release;
		};
		BA6B64091F0A6AAC004F8A1B /* Build configuration list for PBXNativeTarget "SimpleResponseParsing" */ = {
			isa = XCConfigurationList;
			buildConfigurations = (
				BA6B640A1F0A6AAC004F8A1B /* Debug */,
				BA6B640B1F0A6AAC004F8A1B /* Release */,
			);
			defaultConfigurationIsVisible = 0;
		};
/* End XCConfigurationList section */
	};
	rootObject = BA6B63FA1F0A6AAC004F8A1B /* Project object */;
}
